// !$*UTF8*$!
{
	archiveVersion = 1;
	classes = {
	};
	objectVersion = 50;
	objects = {

/* Begin PBXBuildFile section */
		2117171B211BDC29002A4BD6 /* MYCAirplayManager.m in Sources */ = {isa = PBXBuildFile; fileRef = 2117171A211BDC29002A4BD6 /* MYCAirplayManager.m */; };
		214168662121229400C80921 /* MYCAirplayDevice.m in Sources */ = {isa = PBXBuildFile; fileRef = 214168652121229400C80921 /* MYCAirplayDevice.m */; };
		214168692121563200C80921 /* GCDAsyncSocket.m in Sources */ = {isa = PBXBuildFile; fileRef = 214168672121563200C80921 /* GCDAsyncSocket.m */; };
		21DF1BFF21197DBC00F6171A /* AppDelegate.m in Sources */ = {isa = PBXBuildFile; fileRef = 21DF1BFE21197DBC00F6171A /* AppDelegate.m */; };
		21DF1C0221197DBC00F6171A /* ViewController.m in Sources */ = {isa = PBXBuildFile; fileRef = 21DF1C0121197DBC00F6171A /* ViewController.m */; };
		21DF1C0721197DBD00F6171A /* Assets.xcassets in Resources */ = {isa = PBXBuildFile; fileRef = 21DF1C0621197DBD00F6171A /* Assets.xcassets */; };
		21DF1C0D21197DBD00F6171A /* main.m in Sources */ = {isa = PBXBuildFile; fileRef = 21DF1C0C21197DBD00F6171A /* main.m */; };
		21DF1C1721197DBD00F6171A /* AirplayTestTests.m in Sources */ = {isa = PBXBuildFile; fileRef = 21DF1C1621197DBD00F6171A /* AirplayTestTests.m */; };
		21DF1C2221197DBD00F6171A /* AirplayTestUITests.m in Sources */ = {isa = PBXBuildFile; fileRef = 21DF1C2121197DBD00F6171A /* AirplayTestUITests.m */; };
/* End PBXBuildFile section */

/* Begin PBXContainerItemProxy section */
		21DF1C1321197DBD00F6171A /* PBXContainerItemProxy */ = {
			isa = PBXContainerItemProxy;
			containerPortal = 21DF1BF221197DBC00F6171A /* Project object */;
			proxyType = 1;
			remoteGlobalIDString = 21DF1BF921197DBC00F6171A;
			remoteInfo = AirplayTest;
		};
		21DF1C1E21197DBD00F6171A /* PBXContainerItemProxy */ = {
			isa = PBXContainerItemProxy;
			containerPortal = 21DF1BF221197DBC00F6171A /* Project object */;
			proxyType = 1;
			remoteGlobalIDString = 21DF1BF921197DBC00F6171A;
			remoteInfo = AirplayTest;
		};
/* End PBXContainerItemProxy section */

/* Begin PBXFileReference section */
		21171719211BDC29002A4BD6 /* MYCAirplayManager.h */ = {isa = PBXFileReference; lastKnownFileType = sourcecode.c.h; path = MYCAirplayManager.h; sourceTree = "<group>"; };
		2117171A211BDC29002A4BD6 /* MYCAirplayManager.m */ = {isa = PBXFileReference; lastKnownFileType = sourcecode.c.objc; path = MYCAirplayManager.m; sourceTree = "<group>"; };
		214168642121229400C80921 /* MYCAirplayDevice.h */ = {isa = PBXFileReference; lastKnownFileType = sourcecode.c.h; path = MYCAirplayDevice.h; sourceTree = "<group>"; };
		214168652121229400C80921 /* MYCAirplayDevice.m */ = {isa = PBXFileReference; lastKnownFileType = sourcecode.c.objc; path = MYCAirplayDevice.m; sourceTree = "<group>"; };
		214168672121563200C80921 /* GCDAsyncSocket.m */ = {isa = PBXFileReference; fileEncoding = 4; lastKnownFileType = sourcecode.c.objc; path = GCDAsyncSocket.m; sourceTree = "<group>"; };
		214168682121563200C80921 /* GCDAsyncSocket.h */ = {isa = PBXFileReference; fileEncoding = 4; lastKnownFileType = sourcecode.c.h; path = GCDAsyncSocket.h; sourceTree = "<group>"; };
		21DF1BFA21197DBC00F6171A /* AirplayTest.app */ = {isa = PBXFileReference; explicitFileType = wrapper.application; includeInIndex = 0; path = AirplayTest.app; sourceTree = BUILT_PRODUCTS_DIR; };
		21DF1BFD21197DBC00F6171A /* AppDelegate.h */ = {isa = PBXFileReference; lastKnownFileType = sourcecode.c.h; path = AppDelegate.h; sourceTree = "<group>"; };
		21DF1BFE21197DBC00F6171A /* AppDelegate.m */ = {isa = PBXFileReference; lastKnownFileType = sourcecode.c.objc; path = AppDelegate.m; sourceTree = "<group>"; };
		21DF1C0021197DBC00F6171A /* ViewController.h */ = {isa = PBXFileReference; lastKnownFileType = sourcecode.c.h; path = ViewController.h; sourceTree = "<group>"; };
		21DF1C0121197DBC00F6171A /* ViewController.m */ = {isa = PBXFileReference; lastKnownFileType = sourcecode.c.objc; path = ViewController.m; sourceTree = "<group>"; };
		21DF1C0621197DBD00F6171A /* Assets.xcassets */ = {isa = PBXFileReference; lastKnownFileType = folder.assetcatalog; path = Assets.xcassets; sourceTree = "<group>"; };
		21DF1C0B21197DBD00F6171A /* Info.plist */ = {isa = PBXFileReference; lastKnownFileType = text.plist.xml; path = Info.plist; sourceTree = "<group>"; };
		21DF1C0C21197DBD00F6171A /* main.m */ = {isa = PBXFileReference; lastKnownFileType = sourcecode.c.objc; path = main.m; sourceTree = "<group>"; };
		21DF1C1221197DBD00F6171A /* AirplayTestTests.xctest */ = {isa = PBXFileReference; explicitFileType = wrapper.cfbundle; includeInIndex = 0; path = AirplayTestTests.xctest; sourceTree = BUILT_PRODUCTS_DIR; };
		21DF1C1621197DBD00F6171A /* AirplayTestTests.m */ = {isa = PBXFileReference; lastKnownFileType = sourcecode.c.objc; path = AirplayTestTests.m; sourceTree = "<group>"; };
		21DF1C1821197DBD00F6171A /* Info.plist */ = {isa = PBXFileReference; lastKnownFileType = text.plist.xml; path = Info.plist; sourceTree = "<group>"; };
		21DF1C1D21197DBD00F6171A /* AirplayTestUITests.xctest */ = {isa = PBXFileReference; explicitFileType = wrapper.cfbundle; includeInIndex = 0; path = AirplayTestUITests.xctest; sourceTree = BUILT_PRODUCTS_DIR; };
		21DF1C2121197DBD00F6171A /* AirplayTestUITests.m */ = {isa = PBXFileReference; lastKnownFileType = sourcecode.c.objc; path = AirplayTestUITests.m; sourceTree = "<group>"; };
		21DF1C2321197DBD00F6171A /* Info.plist */ = {isa = PBXFileReference; lastKnownFileType = text.plist.xml; path = Info.plist; sourceTree = "<group>"; };
/* End PBXFileReference section */

/* Begin PBXFrameworksBuildPhase section */
		21DF1BF721197DBC00F6171A /* Frameworks */ = {
			isa = PBXFrameworksBuildPhase;
			buildActionMask = 2147483647;
			files = (
			);
			runOnlyForDeploymentPostprocessing = 0;
		};
		21DF1C0F21197DBD00F6171A /* Frameworks */ = {
			isa = PBXFrameworksBuildPhase;
			buildActionMask = 2147483647;
			files = (
			);
			runOnlyForDeploymentPostprocessing = 0;
		};
		21DF1C1A21197DBD00F6171A /* Frameworks */ = {
			isa = PBXFrameworksBuildPhase;
			buildActionMask = 2147483647;
			files = (
			);
			runOnlyForDeploymentPostprocessing = 0;
		};
/* End PBXFrameworksBuildPhase section */

/* Begin PBXGroup section */
		21DF1BF121197DBC00F6171A = {
			isa = PBXGroup;
			children = (
				21DF1BFC21197DBC00F6171A /* AirplayTest */,
				21DF1C1521197DBD00F6171A /* AirplayTestTests */,
				21DF1C2021197DBD00F6171A /* AirplayTestUITests */,
				21DF1BFB21197DBC00F6171A /* Products */,
			);
			sourceTree = "<group>";
		};
		21DF1BFB21197DBC00F6171A /* Products */ = {
			isa = PBXGroup;
			children = (
				21DF1BFA21197DBC00F6171A /* AirplayTest.app */,
				21DF1C1221197DBD00F6171A /* AirplayTestTests.xctest */,
				21DF1C1D21197DBD00F6171A /* AirplayTestUITests.xctest */,
			);
			name = Products;
			sourceTree = "<group>";
		};
		21DF1BFC21197DBC00F6171A /* AirplayTest */ = {
			isa = PBXGroup;
			children = (
				21DF1BFD21197DBC00F6171A /* AppDelegate.h */,
				21DF1BFE21197DBC00F6171A /* AppDelegate.m */,
				21DF1C0021197DBC00F6171A /* ViewController.h */,
				21DF1C0121197DBC00F6171A /* ViewController.m */,
				21171719211BDC29002A4BD6 /* MYCAirplayManager.h */,
				2117171A211BDC29002A4BD6 /* MYCAirplayManager.m */,
				214168642121229400C80921 /* MYCAirplayDevice.h */,
				214168652121229400C80921 /* MYCAirplayDevice.m */,
				214168682121563200C80921 /* GCDAsyncSocket.h */,
				214168672121563200C80921 /* GCDAsyncSocket.m */,
				21DF1C0621197DBD00F6171A /* Assets.xcassets */,
				21DF1C0B21197DBD00F6171A /* Info.plist */,
				21DF1C0C21197DBD00F6171A /* main.m */,
			);
			path = AirplayTest;
			sourceTree = "<group>";
		};
		21DF1C1521197DBD00F6171A /* AirplayTestTests */ = {
			isa = PBXGroup;
			children = (
				21DF1C1621197DBD00F6171A /* AirplayTestTests.m */,
				21DF1C1821197DBD00F6171A /* Info.plist */,
			);
			path = AirplayTestTests;
			sourceTree = "<group>";
		};
		21DF1C2021197DBD00F6171A /* AirplayTestUITests */ = {
			isa = PBXGroup;
			children = (
				21DF1C2121197DBD00F6171A /* AirplayTestUITests.m */,
				21DF1C2321197DBD00F6171A /* Info.plist */,
			);
			path = AirplayTestUITests;
			sourceTree = "<group>";
		};
/* End PBXGroup section */

/* Begin PBXNativeTarget section */
		21DF1BF921197DBC00F6171A /* AirplayTest */ = {
			isa = PBXNativeTarget;
			buildConfigurationList = 21DF1C2621197DBD00F6171A /* Build configuration list for PBXNativeTarget "AirplayTest" */;
			buildPhases = (
				21DF1BF621197DBC00F6171A /* Sources */,
				21DF1BF721197DBC00F6171A /* Frameworks */,
				21DF1BF821197DBC00F6171A /* Resources */,
			);
			buildRules = (
			);
			dependencies = (
			);
			name = AirplayTest;
			productName = AirplayTest;
			productReference = 21DF1BFA21197DBC00F6171A /* AirplayTest.app */;
			productType = "com.apple.product-type.application";
		};
		21DF1C1121197DBD00F6171A /* AirplayTestTests */ = {
			isa = PBXNativeTarget;
			buildConfigurationList = 21DF1C2921197DBD00F6171A /* Build configuration list for PBXNativeTarget "AirplayTestTests" */;
			buildPhases = (
				21DF1C0E21197DBD00F6171A /* Sources */,
				21DF1C0F21197DBD00F6171A /* Frameworks */,
				21DF1C1021197DBD00F6171A /* Resources */,
			);
			buildRules = (
			);
			dependencies = (
				21DF1C1421197DBD00F6171A /* PBXTargetDependency */,
			);
			name = AirplayTestTests;
			productName = AirplayTestTests;
			productReference = 21DF1C1221197DBD00F6171A /* AirplayTestTests.xctest */;
			productType = "com.apple.product-type.bundle.unit-test";
		};
		21DF1C1C21197DBD00F6171A /* AirplayTestUITests */ = {
			isa = PBXNativeTarget;
			buildConfigurationList = 21DF1C2C21197DBD00F6171A /* Build configuration list for PBXNativeTarget "AirplayTestUITests" */;
			buildPhases = (
				21DF1C1921197DBD00F6171A /* Sources */,
				21DF1C1A21197DBD00F6171A /* Frameworks */,
				21DF1C1B21197DBD00F6171A /* Resources */,
			);
			buildRules = (
			);
			dependencies = (
				21DF1C1F21197DBD00F6171A /* PBXTargetDependency */,
			);
			name = AirplayTestUITests;
			productName = AirplayTestUITests;
			productReference = 21DF1C1D21197DBD00F6171A /* AirplayTestUITests.xctest */;
			productType = "com.apple.product-type.bundle.ui-testing";
		};
/* End PBXNativeTarget section */

/* Begin PBXProject section */
		21DF1BF221197DBC00F6171A /* Project object */ = {
			isa = PBXProject;
			attributes = {
				LastUpgradeCheck = 0940;
				ORGANIZATIONNAME = "马雨辰";
				TargetAttributes = {
					21DF1BF921197DBC00F6171A = {
						CreatedOnToolsVersion = 9.4.1;
					};
					21DF1C1121197DBD00F6171A = {
						CreatedOnToolsVersion = 9.4.1;
						TestTargetID = 21DF1BF921197DBC00F6171A;
					};
					21DF1C1C21197DBD00F6171A = {
						CreatedOnToolsVersion = 9.4.1;
						TestTargetID = 21DF1BF921197DBC00F6171A;
					};
				};
			};
			buildConfigurationList = 21DF1BF521197DBC00F6171A /* Build configuration list for PBXProject "AirplayTest" */;
			compatibilityVersion = "Xcode 9.3";
			developmentRegion = en;
			hasScannedForEncodings = 0;
			knownRegions = (
				en,
				Base,
			);
			mainGroup = 21DF1BF121197DBC00F6171A;
			productRefGroup = 21DF1BFB21197DBC00F6171A /* Products */;
			projectDirPath = "";
			projectRoot = "";
			targets = (
				21DF1BF921197DBC00F6171A /* AirplayTest */,
				21DF1C1121197DBD00F6171A /* AirplayTestTests */,
				21DF1C1C21197DBD00F6171A /* AirplayTestUITests */,
			);
		};
/* End PBXProject section */

/* Begin PBXResourcesBuildPhase section */
		21DF1BF821197DBC00F6171A /* Resources */ = {
			isa = PBXResourcesBuildPhase;
			buildActionMask = 2147483647;
			files = (
				21DF1C0721197DBD00F6171A /* Assets.xcassets in Resources */,
			);
			runOnlyForDeploymentPostprocessing = 0;
		};
		21DF1C1021197DBD00F6171A /* Resources */ = {
			isa = PBXResourcesBuildPhase;
			buildActionMask = 2147483647;
			files = (
			);
			runOnlyForDeploymentPostprocessing = 0;
		};
		21DF1C1B21197DBD00F6171A /* Resources */ = {
			isa = PBXResourcesBuildPhase;
			buildActionMask = 2147483647;
			files = (
			);
			runOnlyForDeploymentPostprocessing = 0;
		};
/* End PBXResourcesBuildPhase section */

/* Begin PBXSourcesBuildPhase section */
		21DF1BF621197DBC00F6171A /* Sources */ = {
			isa = PBXSourcesBuildPhase;
			buildActionMask = 2147483647;
			files = (
				214168692121563200C80921 /* GCDAsyncSocket.m in Sources */,
				2117171B211BDC29002A4BD6 /* MYCAirplayManager.m in Sources */,
				21DF1C0221197DBC00F6171A /* ViewController.m in Sources */,
				214168662121229400C80921 /* MYCAirplayDevice.m in Sources */,
				21DF1C0D21197DBD00F6171A /* main.m in Sources */,
				21DF1BFF21197DBC00F6171A /* AppDelegate.m in Sources */,
			);
			runOnlyForDeploymentPostprocessing = 0;
		};
		21DF1C0E21197DBD00F6171A /* Sources */ = {
			isa = PBXSourcesBuildPhase;
			buildActionMask = 2147483647;
			files = (
				21DF1C1721197DBD00F6171A /* AirplayTestTests.m in Sources */,
			);
			runOnlyForDeploymentPostprocessing = 0;
		};
		21DF1C1921197DBD00F6171A /* Sources */ = {
			isa = PBXSourcesBuildPhase;
			buildActionMask = 2147483647;
			files = (
				21DF1C2221197DBD00F6171A /* AirplayTestUITests.m in Sources */,
			);
			runOnlyForDeploymentPostprocessing = 0;
		};
/* End PBXSourcesBuildPhase section */

/* Begin PBXTargetDependency section */
		21DF1C1421197DBD00F6171A /* PBXTargetDependency */ = {
			isa = PBXTargetDependency;
			target = 21DF1BF921197DBC00F6171A /* AirplayTest */;
			targetProxy = 21DF1C1321197DBD00F6171A /* PBXContainerItemProxy */;
		};
		21DF1C1F21197DBD00F6171A /* PBXTargetDependency */ = {
			isa = PBXTargetDependency;
			target = 21DF1BF921197DBC00F6171A /* AirplayTest */;
			targetProxy = 21DF1C1E21197DBD00F6171A /* PBXContainerItemProxy */;
		};
/* End PBXTargetDependency section */

/* Begin XCBuildConfiguration section */
		21DF1C2421197DBD00F6171A /* Debug */ = {
			isa = XCBuildConfiguration;
			buildSettings = {
				ALWAYS_SEARCH_USER_PATHS = NO;
				CLANG_ANALYZER_NONNULL = YES;
				CLANG_ANALYZER_NUMBER_OBJECT_CONVERSION = YES_AGGRESSIVE;
				CLANG_CXX_LANGUAGE_STANDARD = "gnu++14";
				CLANG_CXX_LIBRARY = "libc++";
				CLANG_ENABLE_MODULES = YES;
				CLANG_ENABLE_OBJC_ARC = YES;
				CLANG_ENABLE_OBJC_WEAK = YES;
				CLANG_WARN_BLOCK_CAPTURE_AUTORELEASING = YES;
				CLANG_WARN_BOOL_CONVERSION = YES;
				CLANG_WARN_COMMA = YES;
				CLANG_WARN_CONSTANT_CONVERSION = YES;
				CLANG_WARN_DEPRECATED_OBJC_IMPLEMENTATIONS = YES;
				CLANG_WARN_DIRECT_OBJC_ISA_USAGE = YES_ERROR;
				CLANG_WARN_DOCUMENTATION_COMMENTS = YES;
				CLANG_WARN_EMPTY_BODY = YES;
				CLANG_WARN_ENUM_CONVERSION = YES;
				CLANG_WARN_INFINITE_RECURSION = YES;
				CLANG_WARN_INT_CONVERSION = YES;
				CLANG_WARN_NON_LITERAL_NULL_CONVERSION = YES;
				CLANG_WARN_OBJC_IMPLICIT_RETAIN_SELF = YES;
				CLANG_WARN_OBJC_LITERAL_CONVERSION = YES;
				CLANG_WARN_OBJC_ROOT_CLASS = YES_ERROR;
				CLANG_WARN_RANGE_LOOP_ANALYSIS = YES;
				CLANG_WARN_STRICT_PROTOTYPES = YES;
				CLANG_WARN_SUSPICIOUS_MOVE = YES;
				CLANG_WARN_UNGUARDED_AVAILABILITY = YES_AGGRESSIVE;
				CLANG_WARN_UNREACHABLE_CODE = YES;
				CLANG_WARN__DUPLICATE_METHOD_MATCH = YES;
				CODE_SIGN_IDENTITY = "iPhone Developer";
				COPY_PHASE_STRIP = NO;
				DEBUG_INFORMATION_FORMAT = dwarf;
				ENABLE_STRICT_OBJC_MSGSEND = YES;
				ENABLE_TESTABILITY = YES;
				GCC_C_LANGUAGE_STANDARD = gnu11;
				GCC_DYNAMIC_NO_PIC = NO;
				GCC_NO_COMMON_BLOCKS = YES;
				GCC_OPTIMIZATION_LEVEL = 0;
				GCC_PREPROCESSOR_DEFINITIONS = (
					"DEBUG=1",
					"$(inherited)",
				);
				GCC_WARN_64_TO_32_BIT_CONVERSION = YES;
				GCC_WARN_ABOUT_RETURN_TYPE = YES_ERROR;
				GCC_WARN_UNDECLARED_SELECTOR = YES;
				GCC_WARN_UNINITIALIZED_AUTOS = YES_AGGRESSIVE;
				GCC_WARN_UNUSED_FUNCTION = YES;
				GCC_WARN_UNUSED_VARIABLE = YES;
				IPHONEOS_DEPLOYMENT_TARGET = 11.4;
				MTL_ENABLE_DEBUG_INFO = YES;
				ONLY_ACTIVE_ARCH = YES;
				SDKROOT = iphoneos;
			};
			name = Debug;
		};
		21DF1C2521197DBD00F6171A /* Release */ = {
			isa = XCBuildConfiguration;
			buildSettings = {
				ALWAYS_SEARCH_USER_PATHS = NO;
				CLANG_ANALYZER_NONNULL = YES;
				CLANG_ANALYZER_NUMBER_OBJECT_CONVERSION = YES_AGGRESSIVE;
				CLANG_CXX_LANGUAGE_STANDARD = "gnu++14";
				CLANG_CXX_LIBRARY = "libc++";
				CLANG_ENABLE_MODULES = YES;
				CLANG_ENABLE_OBJC_ARC = YES;
				CLANG_ENABLE_OBJC_WEAK = YES;
				CLANG_WARN_BLOCK_CAPTURE_AUTORELEASING = YES;
				CLANG_WARN_BOOL_CONVERSION = YES;
				CLANG_WARN_COMMA = YES;
				CLANG_WARN_CONSTANT_CONVERSION = YES;
				CLANG_WARN_DEPRECATED_OBJC_IMPLEMENTATIONS = YES;
				CLANG_WARN_DIRECT_OBJC_ISA_USAGE = YES_ERROR;
				CLANG_WARN_DOCUMENTATION_COMMENTS = YES;
				CLANG_WARN_EMPTY_BODY = YES;
				CLANG_WARN_ENUM_CONVERSION = YES;
				CLANG_WARN_INFINITE_RECURSION = YES;
				CLANG_WARN_INT_CONVERSION = YES;
				CLANG_WARN_NON_LITERAL_NULL_CONVERSION = YES;
				CLANG_WARN_OBJC_IMPLICIT_RETAIN_SELF = YES;
				CLANG_WARN_OBJC_LITERAL_CONVERSION = YES;
				CLANG_WARN_OBJC_ROOT_CLASS = YES_ERROR;
				CLANG_WARN_RANGE_LOOP_ANALYSIS = YES;
				CLANG_WARN_STRICT_PROTOTYPES = YES;
				CLANG_WARN_SUSPICIOUS_MOVE = YES;
				CLANG_WARN_UNGUARDED_AVAILABILITY = YES_AGGRESSIVE;
				CLANG_WARN_UNREACHABLE_CODE = YES;
				CLANG_WARN__DUPLICATE_METHOD_MATCH = YES;
				CODE_SIGN_IDENTITY = "iPhone Developer";
				COPY_PHASE_STRIP = NO;
				DEBUG_INFORMATION_FORMAT = "dwarf-with-dsym";
				ENABLE_NS_ASSERTIONS = NO;
				ENABLE_STRICT_OBJC_MSGSEND = YES;
				GCC_C_LANGUAGE_STANDARD = gnu11;
				GCC_NO_COMMON_BLOCKS = YES;
				GCC_WARN_64_TO_32_BIT_CONVERSION = YES;
				GCC_WARN_ABOUT_RETURN_TYPE = YES_ERROR;
				GCC_WARN_UNDECLARED_SELECTOR = YES;
				GCC_WARN_UNINITIALIZED_AUTOS = YES_AGGRESSIVE;
				GCC_WARN_UNUSED_FUNCTION = YES;
				GCC_WARN_UNUSED_VARIABLE = YES;
				IPHONEOS_DEPLOYMENT_TARGET = 11.4;
				MTL_ENABLE_DEBUG_INFO = NO;
				SDKROOT = iphoneos;
				VALIDATE_PRODUCT = YES;
			};
			name = Release;
		};
		21DF1C2721197DBD00F6171A /* Debug */ = {
			isa = XCBuildConfiguration;
			buildSettings = {
				ASSETCATALOG_COMPILER_APPICON_NAME = AppIcon;
				ASSETCATALOG_COMPILER_LAUNCHIMAGE_NAME = LaunchImage;
				CODE_SIGN_STYLE = Automatic;
				DEVELOPMENT_TEAM = 3HFE5F84D2;
				INFOPLIST_FILE = AirplayTest/Info.plist;
				IPHONEOS_DEPLOYMENT_TARGET = 8.0;
				LD_RUNPATH_SEARCH_PATHS = (
					"$(inherited)",
					"@executable_path/Frameworks",
				);
				PRODUCT_BUNDLE_IDENTIFIER = com.myc.AirplayTest;
				PRODUCT_NAME = "$(TARGET_NAME)";
				TARGETED_DEVICE_FAMILY = "1,2";
			};
			name = Debug;
		};
		21DF1C2821197DBD00F6171A /* Release */ = {
			isa = XCBuildConfiguration;
			buildSettings = {
				ASSETCATALOG_COMPILER_APPICON_NAME = AppIcon;
				ASSETCATALOG_COMPILER_LAUNCHIMAGE_NAME = LaunchImage;
				CODE_SIGN_STYLE = Automatic;
				DEVELOPMENT_TEAM = 3HFE5F84D2;
				INFOPLIST_FILE = AirplayTest/Info.plist;
				IPHONEOS_DEPLOYMENT_TARGET = 8.0;
				LD_RUNPATH_SEARCH_PATHS = (
					"$(inherited)",
					"@executable_path/Frameworks",
				);
				PRODUCT_BUNDLE_IDENTIFIER = com.myc.AirplayTest;
				PRODUCT_NAME = "$(TARGET_NAME)";
				TARGETED_DEVICE_FAMILY = "1,2";
			};
			name = Release;
		};
		21DF1C2A21197DBD00F6171A /* Debug */ = {
			isa = XCBuildConfiguration;
			buildSettings = {
				BUNDLE_LOADER = "$(TEST_HOST)";
				CODE_SIGN_STYLE = Automatic;
				INFOPLIST_FILE = AirplayTestTests/Info.plist;
				LD_RUNPATH_SEARCH_PATHS = (
					"$(inherited)",
					"@executable_path/Frameworks",
					"@loader_path/Frameworks",
				);
				PRODUCT_BUNDLE_IDENTIFIER = com.myc.AirplayTestTests;
				PRODUCT_NAME = "$(TARGET_NAME)";
				TARGETED_DEVICE_FAMILY = "1,2";
				TEST_HOST = "$(BUILT_PRODUCTS_DIR)/AirplayTest.app/AirplayTest";
			};
			name = Debug;
		};
		21DF1C2B21197DBD00F6171A /* Release */ = {
			isa = XCBuildConfiguration;
			buildSettings = {
				BUNDLE_LOADER = "$(TEST_HOST)";
				CODE_SIGN_STYLE = Automatic;
				INFOPLIST_FILE = AirplayTestTests/Info.plist;
				LD_RUNPATH_SEARCH_PATHS = (
					"$(inherited)",
					"@executable_path/Frameworks",
					"@loader_path/Frameworks",
				);
				PRODUCT_BUNDLE_IDENTIFIER = com.myc.AirplayTestTests;
				PRODUCT_NAME = "$(TARGET_NAME)";
				TARGETED_DEVICE_FAMILY = "1,2";
				TEST_HOST = "$(BUILT_PRODUCTS_DIR)/AirplayTest.app/AirplayTest";
			};
			name = Release;
		};
		21DF1C2D21197DBD00F6171A /* Debug */ = {
			isa = XCBuildConfiguration;
			buildSettings = {
				CODE_SIGN_STYLE = Automatic;
				INFOPLIST_FILE = AirplayTestUITests/Info.plist;
				LD_RUNPATH_SEARCH_PATHS = (
					"$(inherited)",
					"@executable_path/Frameworks",
					"@loader_path/Frameworks",
				);
				PRODUCT_BUNDLE_IDENTIFIER = com.myc.AirplayTestUITests;
				PRODUCT_NAME = "$(TARGET_NAME)";
				TARGETED_DEVICE_FAMILY = "1,2";
				TEST_TARGET_NAME = AirplayTest;
			};
			name = Debug;
		};
		21DF1C2E21197DBD00F6171A /* Release */ = {
			isa = XCBuildConfiguration;
			buildSettings = {
				CODE_SIGN_STYLE = Automatic;
				INFOPLIST_FILE = AirplayTestUITests/Info.plist;
				LD_RUNPATH_SEARCH_PATHS = (
					"$(inherited)",
					"@executable_path/Frameworks",
					"@loader_path/Frameworks",
				);
				PRODUCT_BUNDLE_IDENTIFIER = com.myc.AirplayTestUITests;
				PRODUCT_NAME = "$(TARGET_NAME)";
				TARGETED_DEVICE_FAMILY = "1,2";
				TEST_TARGET_NAME = AirplayTest;
			};
			name = Release;
		};
/* End XCBuildConfiguration section */

/* Begin XCConfigurationList section */
		21DF1BF521197DBC00F6171A /* Build configuration list for PBXProject "AirplayTest" */ = {
			isa = XCConfigurationList;
			buildConfigurations = (
				21DF1C2421197DBD00F6171A /* Debug */,
				21DF1C2521197DBD00F6171A /* Release */,
			);
			defaultConfigurationIsVisible = 0;
			defaultConfigurationName = Release;
		};
		21DF1C2621197DBD00F6171A /* Build configuration list for PBXNativeTarget "AirplayTest" */ = {
			isa = XCConfigurationList;
			buildConfigurations = (
				21DF1C2721197DBD00F6171A /* Debug */,
				21DF1C2821197DBD00F6171A /* Release */,
			);
			defaultConfigurationIsVisible = 0;
			defaultConfigurationName = Release;
		};
		21DF1C2921197DBD00F6171A /* Build configuration list for PBXNativeTarget "AirplayTestTests" */ = {
			isa = XCConfigurationList;
			buildConfigurations = (
				21DF1C2A21197DBD00F6171A /* Debug */,
				21DF1C2B21197DBD00F6171A /* Release */,
			);
			defaultConfigurationIsVisible = 0;
			defaultConfigurationName = Release;
		};
		21DF1C2C21197DBD00F6171A /* Build configuration list for PBXNativeTarget "AirplayTestUITests" */ = {
			isa = XCConfigurationList;
			buildConfigurations = (
				21DF1C2D21197DBD00F6171A /* Debug */,
				21DF1C2E21197DBD00F6171A /* Release */,
			);
			defaultConfigurationIsVisible = 0;
			defaultConfigurationName = Release;
		};
/* End XCConfigurationList section */
	};
	rootObject = 21DF1BF221197DBC00F6171A /* Project object */;
}
